
Microsoft Visual Studio Solution File, Format Version 12.00
# Visual Studio Version 17
VisualStudioVersion = 17.7.34003.232
MinimumVisualStudioVersion = 10.0.40219.1
Project("{FAE04EC0-301F-11D3-BF4B-00C04F79EFBC}") = "Educational institution", "Educational institution\Educational institution.csproj", "{A7B652AF-90A8-4879-9B35-148F1C69D5F8}"
EndProject
Global
	GlobalSection(SolutionConfigurationPlatforms) = preSolution
		Debug|Any CPU = Debug|Any CPU
		Release|Any CPU = Release|Any CPU
	EndGlobalSection
	GlobalSection(ProjectConfigurationPlatforms) = postSolution
		{A7B652AF-90A8-4879-9B35-148F1C69D5F8}.Debug|Any CPU.ActiveCfg = Debug|Any CPU
		{A7B652AF-90A8-4879-9B35-148F1C69D5F8}.Debug|Any CPU.Build.0 = Debug|Any CPU
		{A7B652AF-90A8-4879-9B35-148F1C69D5F8}.Release|Any CPU.ActiveCfg = Release|Any CPU
		{A7B652AF-90A8-4879-9B35-148F1C69D5F8}.Release|Any CPU.Build.0 = Release|Any CPU
	EndGlobalSection
	GlobalSection(SolutionProperties) = preSolution
		HideSolutionNode = FALSE
	EndGlobalSection
	GlobalSection(ExtensibilityGlobals) = postSolution
		SolutionGuid = {C4CE4151-FA2C-452B-83DD-3BAAD6815717}
	EndGlobalSection
EndGlobal
